
Microsoft Visual Studio Solution File, Format Version 12.00
# Visual Studio 15
VisualStudioVersion = 15.0.27703.2035
MinimumVisualStudioVersion = 10.0.40219.1
Project("{FAE04EC0-301F-11D3-BF4B-00C04F79EFBC}") = "Graphics-of-functions-draw", "Graphics-of-functions-draw\Graphics-of-functions-draw.csproj", "{33C7BE67-A765-4E49-9E67-386F3FAB12CC}"
EndProject
Global
	GlobalSection(SolutionConfigurationPlatforms) = preSolution
		Debug|Any CPU = Debug|Any CPU
		Release|Any CPU = Release|Any CPU
	EndGlobalSection
	GlobalSection(ProjectConfigurationPlatforms) = postSolution
		{33C7BE67-A765-4E49-9E67-386F3FAB12CC}.Debug|Any CPU.ActiveCfg = Debug|Any CPU
		{33C7BE67-A765-4E49-9E67-386F3FAB12CC}.Debug|Any CPU.Build.0 = Debug|Any CPU
		{33C7BE67-A765-4E49-9E67-386F3FAB12CC}.Release|Any CPU.ActiveCfg = Release|Any CPU
		{33C7BE67-A765-4E49-9E67-386F3FAB12CC}.Release|Any CPU.Build.0 = Release|Any CPU
	EndGlobalSection
	GlobalSection(SolutionProperties) = preSolution
		HideSolutionNode = FALSE
	EndGlobalSection
	GlobalSection(ExtensibilityGlobals) = postSolution
		SolutionGuid = {6F9D0DAE-6F72-4319-9AFC-A20E4EB3FB63}
	EndGlobalSection
EndGlobal
